
Microsoft Visual Studio Solution File, Format Version 12.00
# Visual Studio Version 17
VisualStudioVersion = 17.3.32929.385
MinimumVisualStudioVersion = 10.0.40219.1
Project("{9A19103F-16F7-4668-BE54-9A1E7A4F7556}") = "Subscriber.API", "Subscriber\Subscriber.API.csproj", "{80354C3F-243F-46DA-816D-5FD18506FACF}"
EndProject
Project("{9A19103F-16F7-4668-BE54-9A1E7A4F7556}") = "Subscriber.Services", "Subscriber.Services\Subscriber.Services.csproj", "{F3E307AC-F316-4308-B0C8-A41B4D2E948E}"
EndProject
Project("{9A19103F-16F7-4668-BE54-9A1E7A4F7556}") = "Subscriber.DAL", "Subscriber.DAL\Subscriber.DAL.csproj", "{739E48F4-D4E2-474F-9FCE-29F8C88E3D1A}"
EndProject
Project("{9A19103F-16F7-4668-BE54-9A1E7A4F7556}") = "Subscriber.Data", "Subscriber.Data\Subscriber.Data.csproj", "{6E31A35D-D47B-4A23-9BDA-8C6952015960}"
EndProject
Project("{9A19103F-16F7-4668-BE54-9A1E7A4F7556}") = "Subscriber.CORE", "Subscriber.CORE\Subscriber.CORE.csproj", "{7A0057EC-F3F4-42DE-9148-2D4D333859BC}"
EndProject
Project("{2150E333-8FDC-42A3-9474-1A3956D46DE8}") = "controller", "controller", "{0FBA3BDB-179D-4A73-B616-659BA91164F1}"
EndProject
Project("{2150E333-8FDC-42A3-9474-1A3956D46DE8}") = "model", "model", "{90F01766-AC0B-430F-9DB6-8A5F325F328D}"
EndProject
Project("{2150E333-8FDC-42A3-9474-1A3956D46DE8}") = "service", "service", "{A1CDBAA9-2DD6-4477-B35C-D6ADDE7E1B7F}"
EndProject
Global
	GlobalSection(SolutionConfigurationPlatforms) = preSolution
		Debug|Any CPU = Debug|Any CPU
		Release|Any CPU = Release|Any CPU
	EndGlobalSection
	GlobalSection(ProjectConfigurationPlatforms) = postSolution
		{80354C3F-243F-46DA-816D-5FD18506FACF}.Debug|Any CPU.ActiveCfg = Debug|Any CPU
		{80354C3F-243F-46DA-816D-5FD18506FACF}.Debug|Any CPU.Build.0 = Debug|Any CPU
		{80354C3F-243F-46DA-816D-5FD18506FACF}.Release|Any CPU.ActiveCfg = Release|Any CPU
		{80354C3F-243F-46DA-816D-5FD18506FACF}.Release|Any CPU.Build.0 = Release|Any CPU
		{F3E307AC-F316-4308-B0C8-A41B4D2E948E}.Debug|Any CPU.ActiveCfg = Debug|Any CPU
		{F3E307AC-F316-4308-B0C8-A41B4D2E948E}.Debug|Any CPU.Build.0 = Debug|Any CPU
		{F3E307AC-F316-4308-B0C8-A41B4D2E948E}.Release|Any CPU.ActiveCfg = Release|Any CPU
		{F3E307AC-F316-4308-B0C8-A41B4D2E948E}.Release|Any CPU.Build.0 = Release|Any CPU
		{739E48F4-D4E2-474F-9FCE-29F8C88E3D1A}.Debug|Any CPU.ActiveCfg = Debug|Any CPU
		{739E48F4-D4E2-474F-9FCE-29F8C88E3D1A}.Debug|Any CPU.Build.0 = Debug|Any CPU
		{739E48F4-D4E2-474F-9FCE-29F8C88E3D1A}.Release|Any CPU.ActiveCfg = Release|Any CPU
		{739E48F4-D4E2-474F-9FCE-29F8C88E3D1A}.Release|Any CPU.Build.0 = Release|Any CPU
		{6E31A35D-D47B-4A23-9BDA-8C6952015960}.Debug|Any CPU.ActiveCfg = Debug|Any CPU
		{6E31A35D-D47B-4A23-9BDA-8C6952015960}.Debug|Any CPU.Build.0 = Debug|Any CPU
		{6E31A35D-D47B-4A23-9BDA-8C6952015960}.Release|Any CPU.ActiveCfg = Release|Any CPU
		{6E31A35D-D47B-4A23-9BDA-8C6952015960}.Release|Any CPU.Build.0 = Release|Any CPU
		{7A0057EC-F3F4-42DE-9148-2D4D333859BC}.Debug|Any CPU.ActiveCfg = Debug|Any CPU
		{7A0057EC-F3F4-42DE-9148-2D4D333859BC}.Debug|Any CPU.Build.0 = Debug|Any CPU
		{7A0057EC-F3F4-42DE-9148-2D4D333859BC}.Release|Any CPU.ActiveCfg = Release|Any CPU
		{7A0057EC-F3F4-42DE-9148-2D4D333859BC}.Release|Any CPU.Build.0 = Release|Any CPU
	EndGlobalSection
	GlobalSection(SolutionProperties) = preSolution
		HideSolutionNode = FALSE
	EndGlobalSection
	GlobalSection(NestedProjects) = preSolution
		{80354C3F-243F-46DA-816D-5FD18506FACF} = {0FBA3BDB-179D-4A73-B616-659BA91164F1}
		{F3E307AC-F316-4308-B0C8-A41B4D2E948E} = {A1CDBAA9-2DD6-4477-B35C-D6ADDE7E1B7F}
		{739E48F4-D4E2-474F-9FCE-29F8C88E3D1A} = {A1CDBAA9-2DD6-4477-B35C-D6ADDE7E1B7F}
		{6E31A35D-D47B-4A23-9BDA-8C6952015960} = {90F01766-AC0B-430F-9DB6-8A5F325F328D}
		{7A0057EC-F3F4-42DE-9148-2D4D333859BC} = {90F01766-AC0B-430F-9DB6-8A5F325F328D}
	EndGlobalSection
	GlobalSection(ExtensibilityGlobals) = postSolution
		SolutionGuid = {CCDC8809-40B7-471C-8F77-9EB334E4CA4F}
	EndGlobalSection
EndGlobal
